// !$*UTF8*$!
{
	archiveVersion = 1;
	classes = {
	};
	objectVersion = 46;
	objects = {

/* Begin PBXBuildFile section */
		219664211BE823AD00902FF3 /* main.m in Sources */ = {isa = PBXBuildFile; fileRef = 219664201BE823AD00902FF3 /* main.m */; };
		219664241BE823AD00902FF3 /* AppDelegate.m in Sources */ = {isa = PBXBuildFile; fileRef = 219664231BE823AD00902FF3 /* AppDelegate.m */; };
		219664271BE823AD00902FF3 /* ViewController.m in Sources */ = {isa = PBXBuildFile; fileRef = 219664261BE823AD00902FF3 /* ViewController.m */; };
		2196642C1BE823AD00902FF3 /* Assets.xcassets in Resources */ = {isa = PBXBuildFile; fileRef = 2196642B1BE823AD00902FF3 /* Assets.xcassets */; };
		2196642F1BE823AD00902FF3 /* LaunchScreen.storyboard in Resources */ = {isa = PBXBuildFile; fileRef = 2196642D1BE823AD00902FF3 /* LaunchScreen.storyboard */; };
		2196643A1BE823AD00902FF3 /* BlocBrowserTests.m in Sources */ = {isa = PBXBuildFile; fileRef = 219664391BE823AD00902FF3 /* BlocBrowserTests.m */; };
		219664451BE823AD00902FF3 /* BlocBrowserUITests.m in Sources */ = {isa = PBXBuildFile; fileRef = 219664441BE823AD00902FF3 /* BlocBrowserUITests.m */; };
/* End PBXBuildFile section */

/* Begin PBXContainerItemProxy section */
		219664361BE823AD00902FF3 /* PBXContainerItemProxy */ = {
			isa = PBXContainerItemProxy;
			containerPortal = 219664141BE823AD00902FF3 /* Project object */;
			proxyType = 1;
			remoteGlobalIDString = 2196641B1BE823AD00902FF3;
			remoteInfo = BlocBrowser;
		};
		219664411BE823AD00902FF3 /* PBXContainerItemProxy */ = {
			isa = PBXContainerItemProxy;
			containerPortal = 219664141BE823AD00902FF3 /* Project object */;
			proxyType = 1;
			remoteGlobalIDString = 2196641B1BE823AD00902FF3;
			remoteInfo = BlocBrowser;
		};
/* End PBXContainerItemProxy section */

/* Begin PBXFileReference section */
		2196641C1BE823AD00902FF3 /* BlocBrowser.app */ = {isa = PBXFileReference; explicitFileType = wrapper.application; includeInIndex = 0; path = BlocBrowser.app; sourceTree = BUILT_PRODUCTS_DIR; };
		219664201BE823AD00902FF3 /* main.m */ = {isa = PBXFileReference; lastKnownFileType = sourcecode.c.objc; path = main.m; sourceTree = "<group>"; };
		219664221BE823AD00902FF3 /* AppDelegate.h */ = {isa = PBXFileReference; lastKnownFileType = sourcecode.c.h; path = AppDelegate.h; sourceTree = "<group>"; };
		219664231BE823AD00902FF3 /* AppDelegate.m */ = {isa = PBXFileReference; lastKnownFileType = sourcecode.c.objc; path = AppDelegate.m; sourceTree = "<group>"; };
		219664251BE823AD00902FF3 /* ViewController.h */ = {isa = PBXFileReference; lastKnownFileType = sourcecode.c.h; path = ViewController.h; sourceTree = "<group>"; };
		219664261BE823AD00902FF3 /* ViewController.m */ = {isa = PBXFileReference; lastKnownFileType = sourcecode.c.objc; path = ViewController.m; sourceTree = "<group>"; };
		2196642B1BE823AD00902FF3 /* Assets.xcassets */ = {isa = PBXFileReference; lastKnownFileType = folder.assetcatalog; path = Assets.xcassets; sourceTree = "<group>"; };
		2196642E1BE823AD00902FF3 /* Base */ = {isa = PBXFileReference; lastKnownFileType = file.storyboard; name = Base; path = Base.lproj/LaunchScreen.storyboard; sourceTree = "<group>"; };
		219664301BE823AD00902FF3 /* Info.plist */ = {isa = PBXFileReference; lastKnownFileType = text.plist.xml; path = Info.plist; sourceTree = "<group>"; };
		219664351BE823AD00902FF3 /* BlocBrowserTests.xctest */ = {isa = PBXFileReference; explicitFileType = wrapper.cfbundle; includeInIndex = 0; path = BlocBrowserTests.xctest; sourceTree = BUILT_PRODUCTS_DIR; };
		219664391BE823AD00902FF3 /* BlocBrowserTests.m */ = {isa = PBXFileReference; lastKnownFileType = sourcecode.c.objc; path = BlocBrowserTests.m; sourceTree = "<group>"; };
		2196643B1BE823AD00902FF3 /* Info.plist */ = {isa = PBXFileReference; lastKnownFileType = text.plist.xml; path = Info.plist; sourceTree = "<group>"; };
		219664401BE823AD00902FF3 /* BlocBrowserUITests.xctest */ = {isa = PBXFileReference; explicitFileType = wrapper.cfbundle; includeInIndex = 0; path = BlocBrowserUITests.xctest; sourceTree = BUILT_PRODUCTS_DIR; };
		219664441BE823AD00902FF3 /* BlocBrowserUITests.m */ = {isa = PBXFileReference; lastKnownFileType = sourcecode.c.objc; path = BlocBrowserUITests.m; sourceTree = "<group>"; };
		219664461BE823AD00902FF3 /* Info.plist */ = {isa = PBXFileReference; lastKnownFileType = text.plist.xml; path = Info.plist; sourceTree = "<group>"; };
/* End PBXFileReference section */

/* Begin PBXFrameworksBuildPhase section */
		219664191BE823AD00902FF3 /* Frameworks */ = {
			isa = PBXFrameworksBuildPhase;
			buildActionMask = 2147483647;
			files = (
			);
			runOnlyForDeploymentPostprocessing = 0;
		};
		219664321BE823AD00902FF3 /* Frameworks */ = {
			isa = PBXFrameworksBuildPhase;
			buildActionMask = 2147483647;
			files = (
			);
			runOnlyForDeploymentPostprocessing = 0;
		};
		2196643D1BE823AD00902FF3 /* Frameworks */ = {
			isa = PBXFrameworksBuildPhase;
			buildActionMask = 2147483647;
			files = (
			);
			runOnlyForDeploymentPostprocessing = 0;
		};
/* End PBXFrameworksBuildPhase section */

/* Begin PBXGroup section */
		219664131BE823AD00902FF3 = {
			isa = PBXGroup;
			children = (
				2196641E1BE823AD00902FF3 /* BlocBrowser */,
				219664381BE823AD00902FF3 /* BlocBrowserTests */,
				219664431BE823AD00902FF3 /* BlocBrowserUITests */,
				2196641D1BE823AD00902FF3 /* Products */,
			);
			sourceTree = "<group>";
		};
		2196641D1BE823AD00902FF3 /* Products */ = {
			isa = PBXGroup;
			children = (
				2196641C1BE823AD00902FF3 /* BlocBrowser.app */,
				219664351BE823AD00902FF3 /* BlocBrowserTests.xctest */,
				219664401BE823AD00902FF3 /* BlocBrowserUITests.xctest */,
			);
			name = Products;
			sourceTree = "<group>";
		};
		2196641E1BE823AD00902FF3 /* BlocBrowser */ = {
			isa = PBXGroup;
			children = (
				219664221BE823AD00902FF3 /* AppDelegate.h */,
				219664231BE823AD00902FF3 /* AppDelegate.m */,
				219664251BE823AD00902FF3 /* ViewController.h */,
				219664261BE823AD00902FF3 /* ViewController.m */,
				2196642B1BE823AD00902FF3 /* Assets.xcassets */,
				2196642D1BE823AD00902FF3 /* LaunchScreen.storyboard */,
				219664301BE823AD00902FF3 /* Info.plist */,
				2196641F1BE823AD00902FF3 /* Supporting Files */,
			);
			path = BlocBrowser;
			sourceTree = "<group>";
		};
		2196641F1BE823AD00902FF3 /* Supporting Files */ = {
			isa = PBXGroup;
			children = (
				219664201BE823AD00902FF3 /* main.m */,
			);
			name = "Supporting Files";
			sourceTree = "<group>";
		};
		219664381BE823AD00902FF3 /* BlocBrowserTests */ = {
			isa = PBXGroup;
			children = (
				219664391BE823AD00902FF3 /* BlocBrowserTests.m */,
				2196643B1BE823AD00902FF3 /* Info.plist */,
			);
			path = BlocBrowserTests;
			sourceTree = "<group>";
		};
		219664431BE823AD00902FF3 /* BlocBrowserUITests */ = {
			isa = PBXGroup;
			children = (
				219664441BE823AD00902FF3 /* BlocBrowserUITests.m */,
				219664461BE823AD00902FF3 /* Info.plist */,
			);
			path = BlocBrowserUITests;
			sourceTree = "<group>";
		};
/* End PBXGroup section */

/* Begin PBXNativeTarget section */
		2196641B1BE823AD00902FF3 /* BlocBrowser */ = {
			isa = PBXNativeTarget;
			buildConfigurationList = 219664491BE823AD00902FF3 /* Build configuration list for PBXNativeTarget "BlocBrowser" */;
			buildPhases = (
				219664181BE823AD00902FF3 /* Sources */,
				219664191BE823AD00902FF3 /* Frameworks */,
				2196641A1BE823AD00902FF3 /* Resources */,
			);
			buildRules = (
			);
			dependencies = (
			);
			name = BlocBrowser;
			productName = BlocBrowser;
			productReference = 2196641C1BE823AD00902FF3 /* BlocBrowser.app */;
			productType = "com.apple.product-type.application";
		};
		219664341BE823AD00902FF3 /* BlocBrowserTests */ = {
			isa = PBXNativeTarget;
			buildConfigurationList = 2196644C1BE823AD00902FF3 /* Build configuration list for PBXNativeTarget "BlocBrowserTests" */;
			buildPhases = (
				219664311BE823AD00902FF3 /* Sources */,
				219664321BE823AD00902FF3 /* Frameworks */,
				219664331BE823AD00902FF3 /* Resources */,
			);
			buildRules = (
			);
			dependencies = (
				219664371BE823AD00902FF3 /* PBXTargetDependency */,
			);
			name = BlocBrowserTests;
			productName = BlocBrowserTests;
			productReference = 219664351BE823AD00902FF3 /* BlocBrowserTests.xctest */;
			productType = "com.apple.product-type.bundle.unit-test";
		};
		2196643F1BE823AD00902FF3 /* BlocBrowserUITests */ = {
			isa = PBXNativeTarget;
			buildConfigurationList = 2196644F1BE823AD00902FF3 /* Build configuration list for PBXNativeTarget "BlocBrowserUITests" */;
			buildPhases = (
				2196643C1BE823AD00902FF3 /* Sources */,
				2196643D1BE823AD00902FF3 /* Frameworks */,
				2196643E1BE823AD00902FF3 /* Resources */,
			);
			buildRules = (
			);
			dependencies = (
				219664421BE823AD00902FF3 /* PBXTargetDependency */,
			);
			name = BlocBrowserUITests;
			productName = BlocBrowserUITests;
			productReference = 219664401BE823AD00902FF3 /* BlocBrowserUITests.xctest */;
			productType = "com.apple.product-type.bundle.ui-testing";
		};
/* End PBXNativeTarget section */

/* Begin PBXProject section */
		219664141BE823AD00902FF3 /* Project object */ = {
			isa = PBXProject;
			attributes = {
				LastUpgradeCheck = 0700;
				ORGANIZATIONNAME = "Jin Kato";
				TargetAttributes = {
					2196641B1BE823AD00902FF3 = {
						CreatedOnToolsVersion = 7.0;
					};
					219664341BE823AD00902FF3 = {
						CreatedOnToolsVersion = 7.0;
						TestTargetID = 2196641B1BE823AD00902FF3;
					};
					2196643F1BE823AD00902FF3 = {
						CreatedOnToolsVersion = 7.0;
						TestTargetID = 2196641B1BE823AD00902FF3;
					};
				};
			};
			buildConfigurationList = 219664171BE823AD00902FF3 /* Build configuration list for PBXProject "BlocBrowser" */;
			compatibilityVersion = "Xcode 3.2";
			developmentRegion = English;
			hasScannedForEncodings = 0;
			knownRegions = (
				en,
				Base,
			);
			mainGroup = 219664131BE823AD00902FF3;
			productRefGroup = 2196641D1BE823AD00902FF3 /* Products */;
			projectDirPath = "";
			projectRoot = "";
			targets = (
				2196641B1BE823AD00902FF3 /* BlocBrowser */,
				219664341BE823AD00902FF3 /* BlocBrowserTests */,
				2196643F1BE823AD00902FF3 /* BlocBrowserUITests */,
			);
		};
/* End PBXProject section */

/* Begin PBXResourcesBuildPhase section */
		2196641A1BE823AD00902FF3 /* Resources */ = {
			isa = PBXResourcesBuildPhase;
			buildActionMask = 2147483647;
			files = (
				2196642F1BE823AD00902FF3 /* LaunchScreen.storyboard in Resources */,
				2196642C1BE823AD00902FF3 /* Assets.xcassets in Resources */,
			);
			runOnlyForDeploymentPostprocessing = 0;
		};
		219664331BE823AD00902FF3 /* Resources */ = {
			isa = PBXResourcesBuildPhase;
			buildActionMask = 2147483647;
			files = (
			);
			runOnlyForDeploymentPostprocessing = 0;
		};
		2196643E1BE823AD00902FF3 /* Resources */ = {
			isa = PBXResourcesBuildPhase;
			buildActionMask = 2147483647;
			files = (
			);
			runOnlyForDeploymentPostprocessing = 0;
		};
/* End PBXResourcesBuildPhase section */

/* Begin PBXSourcesBuildPhase section */
		219664181BE823AD00902FF3 /* Sources */ = {
			isa = PBXSourcesBuildPhase;
			buildActionMask = 2147483647;
			files = (
				219664271BE823AD00902FF3 /* ViewController.m in Sources */,
				219664241BE823AD00902FF3 /* AppDelegate.m in Sources */,
				219664211BE823AD00902FF3 /* main.m in Sources */,
			);
			runOnlyForDeploymentPostprocessing = 0;
		};
		219664311BE823AD00902FF3 /* Sources */ = {
			isa = PBXSourcesBuildPhase;
			buildActionMask = 2147483647;
			files = (
				2196643A1BE823AD00902FF3 /* BlocBrowserTests.m in Sources */,
			);
			runOnlyForDeploymentPostprocessing = 0;
		};
		2196643C1BE823AD00902FF3 /* Sources */ = {
			isa = PBXSourcesBuildPhase;
			buildActionMask = 2147483647;
			files = (
				219664451BE823AD00902FF3 /* BlocBrowserUITests.m in Sources */,
			);
			runOnlyForDeploymentPostprocessing = 0;
		};
/* End PBXSourcesBuildPhase section */

/* Begin PBXTargetDependency section */
		219664371BE823AD00902FF3 /* PBXTargetDependency */ = {
			isa = PBXTargetDependency;
			target = 2196641B1BE823AD00902FF3 /* BlocBrowser */;
			targetProxy = 219664361BE823AD00902FF3 /* PBXContainerItemProxy */;
		};
		219664421BE823AD00902FF3 /* PBXTargetDependency */ = {
			isa = PBXTargetDependency;
			target = 2196641B1BE823AD00902FF3 /* BlocBrowser */;
			targetProxy = 219664411BE823AD00902FF3 /* PBXContainerItemProxy */;
		};
/* End PBXTargetDependency section */

/* Begin PBXVariantGroup section */
		2196642D1BE823AD00902FF3 /* LaunchScreen.storyboard */ = {
			isa = PBXVariantGroup;
			children = (
				2196642E1BE823AD00902FF3 /* Base */,
			);
			name = LaunchScreen.storyboard;
			sourceTree = "<group>";
		};
/* End PBXVariantGroup section */

/* Begin XCBuildConfiguration section */
		219664471BE823AD00902FF3 /* Debug */ = {
			isa = XCBuildConfiguration;
			buildSettings = {
				ALWAYS_SEARCH_USER_PATHS = NO;
				CLANG_CXX_LANGUAGE_STANDARD = "gnu++0x";
				CLANG_CXX_LIBRARY = "libc++";
				CLANG_ENABLE_MODULES = YES;
				CLANG_ENABLE_OBJC_ARC = YES;
				CLANG_WARN_BOOL_CONVERSION = YES;
				CLANG_WARN_CONSTANT_CONVERSION = YES;
				CLANG_WARN_DIRECT_OBJC_ISA_USAGE = YES_ERROR;
				CLANG_WARN_EMPTY_BODY = YES;
				CLANG_WARN_ENUM_CONVERSION = YES;
				CLANG_WARN_INT_CONVERSION = YES;
				CLANG_WARN_OBJC_ROOT_CLASS = YES_ERROR;
				CLANG_WARN_UNREACHABLE_CODE = YES;
				CLANG_WARN__DUPLICATE_METHOD_MATCH = YES;
				"CODE_SIGN_IDENTITY[sdk=iphoneos*]" = "iPhone Developer";
				COPY_PHASE_STRIP = NO;
				DEBUG_INFORMATION_FORMAT = dwarf;
				ENABLE_STRICT_OBJC_MSGSEND = YES;
				ENABLE_TESTABILITY = YES;
				GCC_C_LANGUAGE_STANDARD = gnu99;
				GCC_DYNAMIC_NO_PIC = NO;
				GCC_NO_COMMON_BLOCKS = YES;
				GCC_OPTIMIZATION_LEVEL = 0;
				GCC_PREPROCESSOR_DEFINITIONS = (
					"DEBUG=1",
					"$(inherited)",
				);
				GCC_WARN_64_TO_32_BIT_CONVERSION = YES;
				GCC_WARN_ABOUT_RETURN_TYPE = YES_ERROR;
				GCC_WARN_UNDECLARED_SELECTOR = YES;
				GCC_WARN_UNINITIALIZED_AUTOS = YES_AGGRESSIVE;
				GCC_WARN_UNUSED_FUNCTION = YES;
				GCC_WARN_UNUSED_VARIABLE = YES;
				IPHONEOS_DEPLOYMENT_TARGET = 9.0;
				MTL_ENABLE_DEBUG_INFO = YES;
				ONLY_ACTIVE_ARCH = YES;
				SDKROOT = iphoneos;
				TARGETED_DEVICE_FAMILY = "1,2";
			};
			name = Debug;
		};
		219664481BE823AD00902FF3 /* Release */ = {
			isa = XCBuildConfiguration;
			buildSettings = {
				ALWAYS_SEARCH_USER_PATHS = NO;
				CLANG_CXX_LANGUAGE_STANDARD = "gnu++0x";
				CLANG_CXX_LIBRARY = "libc++";
				CLANG_ENABLE_MODULES = YES;
				CLANG_ENABLE_OBJC_ARC = YES;
				CLANG_WARN_BOOL_CONVERSION = YES;
				CLANG_WARN_CONSTANT_CONVERSION = YES;
				CLANG_WARN_DIRECT_OBJC_ISA_USAGE = YES_ERROR;
				CLANG_WARN_EMPTY_BODY = YES;
				CLANG_WARN_ENUM_CONVERSION = YES;
				CLANG_WARN_INT_CONVERSION = YES;
				CLANG_WARN_OBJC_ROOT_CLASS = YES_ERROR;
				CLANG_WARN_UNREACHABLE_CODE = YES;
				CLANG_WARN__DUPLICATE_METHOD_MATCH = YES;
				"CODE_SIGN_IDENTITY[sdk=iphoneos*]" = "iPhone Developer";
				COPY_PHASE_STRIP = NO;
				DEBUG_INFORMATION_FORMAT = "dwarf-with-dsym";
				ENABLE_NS_ASSERTIONS = NO;
				ENABLE_STRICT_OBJC_MSGSEND = YES;
				GCC_C_LANGUAGE_STANDARD = gnu99;
				GCC_NO_COMMON_BLOCKS = YES;
				GCC_WARN_64_TO_32_BIT_CONVERSION = YES;
				GCC_WARN_ABOUT_RETURN_TYPE = YES_ERROR;
				GCC_WARN_UNDECLARED_SELECTOR = YES;
				GCC_WARN_UNINITIALIZED_AUTOS = YES_AGGRESSIVE;
				GCC_WARN_UNUSED_FUNCTION = YES;
				GCC_WARN_UNUSED_VARIABLE = YES;
				IPHONEOS_DEPLOYMENT_TARGET = 9.0;
				MTL_ENABLE_DEBUG_INFO = NO;
				SDKROOT = iphoneos;
				TARGETED_DEVICE_FAMILY = "1,2";
				VALIDATE_PRODUCT = YES;
			};
			name = Release;
		};
		2196644A1BE823AD00902FF3 /* Debug */ = {
			isa = XCBuildConfiguration;
			buildSettings = {
				ASSETCATALOG_COMPILER_APPICON_NAME = AppIcon;
				INFOPLIST_FILE = BlocBrowser/Info.plist;
				LD_RUNPATH_SEARCH_PATHS = "$(inherited) @executable_path/Frameworks";
				PRODUCT_BUNDLE_IDENTIFIER = com.jinkato.www.BlocBrowser;
				PRODUCT_NAME = "$(TARGET_NAME)";
			};
			name = Debug;
		};
		2196644B1BE823AD00902FF3 /* Release */ = {
			isa = XCBuildConfiguration;
			buildSettings = {
				ASSETCATALOG_COMPILER_APPICON_NAME = AppIcon;
				INFOPLIST_FILE = BlocBrowser/Info.plist;
				LD_RUNPATH_SEARCH_PATHS = "$(inherited) @executable_path/Frameworks";
				PRODUCT_BUNDLE_IDENTIFIER = com.jinkato.www.BlocBrowser;
				PRODUCT_NAME = "$(TARGET_NAME)";
			};
			name = Release;
		};
		2196644D1BE823AD00902FF3 /* Debug */ = {
			isa = XCBuildConfiguration;
			buildSettings = {
				BUNDLE_LOADER = "$(TEST_HOST)";
				INFOPLIST_FILE = BlocBrowserTests/Info.plist;
				LD_RUNPATH_SEARCH_PATHS = "$(inherited) @executable_path/Frameworks @loader_path/Frameworks";
				PRODUCT_BUNDLE_IDENTIFIER = com.jinkato.www.BlocBrowserTests;
				PRODUCT_NAME = "$(TARGET_NAME)";
				TEST_HOST = "$(BUILT_PRODUCTS_DIR)/BlocBrowser.app/BlocBrowser";
			};
			name = Debug;
		};
		2196644E1BE823AD00902FF3 /* Release */ = {
			isa = XCBuildConfiguration;
			buildSettings = {
				BUNDLE_LOADER = "$(TEST_HOST)";
				INFOPLIST_FILE = BlocBrowserTests/Info.plist;
				LD_RUNPATH_SEARCH_PATHS = "$(inherited) @executable_path/Frameworks @loader_path/Frameworks";
				PRODUCT_BUNDLE_IDENTIFIER = com.jinkato.www.BlocBrowserTests;
				PRODUCT_NAME = "$(TARGET_NAME)";
				TEST_HOST = "$(BUILT_PRODUCTS_DIR)/BlocBrowser.app/BlocBrowser";
			};
			name = Release;
		};
		219664501BE823AD00902FF3 /* Debug */ = {
			isa = XCBuildConfiguration;
			buildSettings = {
				INFOPLIST_FILE = BlocBrowserUITests/Info.plist;
				LD_RUNPATH_SEARCH_PATHS = "$(inherited) @executable_path/Frameworks @loader_path/Frameworks";
				PRODUCT_BUNDLE_IDENTIFIER = com.jinkato.www.BlocBrowserUITests;
				PRODUCT_NAME = "$(TARGET_NAME)";
				TEST_TARGET_NAME = BlocBrowser;
				USES_XCTRUNNER = YES;
			};
			name = Debug;
		};
		219664511BE823AD00902FF3 /* Release */ = {
			isa = XCBuildConfiguration;
			buildSettings = {
				INFOPLIST_FILE = BlocBrowserUITests/Info.plist;
				LD_RUNPATH_SEARCH_PATHS = "$(inherited) @executable_path/Frameworks @loader_path/Frameworks";
				PRODUCT_BUNDLE_IDENTIFIER = com.jinkato.www.BlocBrowserUITests;
				PRODUCT_NAME = "$(TARGET_NAME)";
				TEST_TARGET_NAME = BlocBrowser;
				USES_XCTRUNNER = YES;
			};
			name = Release;
		};
/* End XCBuildConfiguration section */

/* Begin XCConfigurationList section */
		219664171BE823AD00902FF3 /* Build configuration list for PBXProject "BlocBrowser" */ = {
			isa = XCConfigurationList;
			buildConfigurations = (
				219664471BE823AD00902FF3 /* Debug */,
				219664481BE823AD00902FF3 /* Release */,
			);
			defaultConfigurationIsVisible = 0;
			defaultConfigurationName = Release;
		};
		219664491BE823AD00902FF3 /* Build configuration list for PBXNativeTarget "BlocBrowser" */ = {
			isa = XCConfigurationList;
			buildConfigurations = (
				2196644A1BE823AD00902FF3 /* Debug */,
				2196644B1BE823AD00902FF3 /* Release */,
			);
			defaultConfigurationIsVisible = 0;
		};
		2196644C1BE823AD00902FF3 /* Build configuration list for PBXNativeTarget "BlocBrowserTests" */ = {
			isa = XCConfigurationList;
			buildConfigurations = (
				2196644D1BE823AD00902FF3 /* Debug */,
				2196644E1BE823AD00902FF3 /* Release */,
			);
			defaultConfigurationIsVisible = 0;
		};
		2196644F1BE823AD00902FF3 /* Build configuration list for PBXNativeTarget "BlocBrowserUITests" */ = {
			isa = XCConfigurationList;
			buildConfigurations = (
				219664501BE823AD00902FF3 /* Debug */,
				219664511BE823AD00902FF3 /* Release */,
			);
			defaultConfigurationIsVisible = 0;
		};
/* End XCConfigurationList section */
	};
	rootObject = 219664141BE823AD00902FF3 /* Project object */;
}
